
Microsoft Visual Studio Solution File, Format Version 12.00
# Visual Studio Version 17
VisualStudioVersion = 17.10.35122.118
MinimumVisualStudioVersion = 10.0.40219.1
Project("{FAE04EC0-301F-11D3-BF4B-00C04F79EFBC}") = "book-api", "book-api\book-api.csproj", "{DDFE5502-54AE-40E8-86BE-B118DCE44DFD}"
EndProject
Global
	GlobalSection(SolutionConfigurationPlatforms) = preSolution
		Debug|Any CPU = Debug|Any CPU
		Release|Any CPU = Release|Any CPU
	EndGlobalSection
	GlobalSection(ProjectConfigurationPlatforms) = postSolution
		{DDFE5502-54AE-40E8-86BE-B118DCE44DFD}.Debug|Any CPU.ActiveCfg = Debug|Any CPU
		{DDFE5502-54AE-40E8-86BE-B118DCE44DFD}.Debug|Any CPU.Build.0 = Debug|Any CPU
		{DDFE5502-54AE-40E8-86BE-B118DCE44DFD}.Release|Any CPU.ActiveCfg = Release|Any CPU
		{DDFE5502-54AE-40E8-86BE-B118DCE44DFD}.Release|Any CPU.Build.0 = Release|Any CPU
	EndGlobalSection
	GlobalSection(SolutionProperties) = preSolution
		HideSolutionNode = FALSE
	EndGlobalSection
	GlobalSection(ExtensibilityGlobals) = postSolution
		SolutionGuid = {849266B0-9B8A-4953-BC22-5DDC11894560}
	EndGlobalSection
EndGlobal
